go.baoshuo.dev/csslexer v0.0.5 h1:jnJBbfaavAzzLIMzQbJ0R7sWfJ5k35vFGELETj+bHeQ=
go.baoshuo.dev/csslexer v0.0.5/go.mod h1:VyhbuU7HxYxCgFQrAHGbxzMo3rwcEmUqM5TG+KcGPY0=
go.baoshuo.dev/csslexer v0.0.6 h1:tIqpGjx/QESeB21akS9TznOzxYYa0uRSMBSHHEb19hk=
go.baoshuo.dev/csslexer v0.0.6/go.mod h1:VyhbuU7HxYxCgFQrAHGbxzMo3rwcEmUqM5TG+KcGPY0=
