go.baoshuo.dev/csslexer v0.1.1-0.20250926020037-e91a638cbb3f h1:QPjpv8ZrshHlebLuhbFzRA7bWYImMRnc0I94sRdoptU=
go.baoshuo.dev/csslexer v0.1.1-0.20250926020037-e91a638cbb3f/go.mod h1:2w+liVUKNXShrZtK/EUT7k0cH/r1RvBwArO2e0QpkQs=
go.baoshuo.dev/cssutil v0.0.2 h1:rXRuAXfcZwMJcWBbHqd4dfimOYRbz7qd7WfBpLcaj/0=
go.baoshuo.dev/cssutil v0.0.2/go.mod h1:exK71kXjFJ6p3WOxUG5rAMzoeybABthppOdDhnv8ZwQ=
