go.baoshuo.dev/csslexer v0.1.0 h1:1iLGyk2a5wnMIeXV12U1vo20aiqRia9pOp4YgMkfDdQ=
go.baoshuo.dev/csslexer v0.1.0/go.mod h1:2w+liVUKNXShrZtK/EUT7k0cH/r1RvBwArO2e0QpkQs=
go.baoshuo.dev/cssutil v0.0.2 h1:rXRuAXfcZwMJcWBbHqd4dfimOYRbz7qd7WfBpLcaj/0=
go.baoshuo.dev/cssutil v0.0.2/go.mod h1:exK71kXjFJ6p3WOxUG5rAMzoeybABthppOdDhnv8ZwQ=
